
Microsoft Visual Studio Solution File, Format Version 12.00
Project("{FAE04EC0-301F-11D3-BF4B-00C04F79EFBC}") = "StudentOverflow.AppHost", "StudentOverflow.AppHost\StudentOverflow.AppHost.csproj", "{E139CBD0-6B7E-4F7F-BB68-548C1CBBD257}"
EndProject
Project("{FAE04EC0-301F-11D3-BF4B-00C04F79EFBC}") = "StudentOverflow.ServiceDefaults", "StudentOverflow.ServiceDefaults\StudentOverflow.ServiceDefaults.csproj", "{FFE9445E-63B7-4E10-BD94-6C81AB6F4A48}"
EndProject
Project("{2150E333-8FDC-42A3-9474-1A3956D46DE8}") = "services", "services", "{A0A9EE13-B0A3-461B-917F-1CF556E3266D}"
EndProject
Project("{FAE04EC0-301F-11D3-BF4B-00C04F79EFBC}") = "QuestionService", "QuestionService\QuestionService.csproj", "{7FD5FD6F-E177-4026-AC99-413DD8929566}"
EndProject
Global
	GlobalSection(SolutionConfigurationPlatforms) = preSolution
		Debug|Any CPU = Debug|Any CPU
		Release|Any CPU = Release|Any CPU
	EndGlobalSection
	GlobalSection(ProjectConfigurationPlatforms) = postSolution
		{E139CBD0-6B7E-4F7F-BB68-548C1CBBD257}.Debug|Any CPU.ActiveCfg = Debug|Any CPU
		{E139CBD0-6B7E-4F7F-BB68-548C1CBBD257}.Debug|Any CPU.Build.0 = Debug|Any CPU
		{E139CBD0-6B7E-4F7F-BB68-548C1CBBD257}.Release|Any CPU.ActiveCfg = Release|Any CPU
		{E139CBD0-6B7E-4F7F-BB68-548C1CBBD257}.Release|Any CPU.Build.0 = Release|Any CPU
		{FFE9445E-63B7-4E10-BD94-6C81AB6F4A48}.Debug|Any CPU.ActiveCfg = Debug|Any CPU
		{FFE9445E-63B7-4E10-BD94-6C81AB6F4A48}.Debug|Any CPU.Build.0 = Debug|Any CPU
		{FFE9445E-63B7-4E10-BD94-6C81AB6F4A48}.Release|Any CPU.ActiveCfg = Release|Any CPU
		{FFE9445E-63B7-4E10-BD94-6C81AB6F4A48}.Release|Any CPU.Build.0 = Release|Any CPU
		{7FD5FD6F-E177-4026-AC99-413DD8929566}.Debug|Any CPU.ActiveCfg = Debug|Any CPU
		{7FD5FD6F-E177-4026-AC99-413DD8929566}.Debug|Any CPU.Build.0 = Debug|Any CPU
		{7FD5FD6F-E177-4026-AC99-413DD8929566}.Release|Any CPU.ActiveCfg = Release|Any CPU
		{7FD5FD6F-E177-4026-AC99-413DD8929566}.Release|Any CPU.Build.0 = Release|Any CPU
	EndGlobalSection
	GlobalSection(NestedProjects) = preSolution
		{7FD5FD6F-E177-4026-AC99-413DD8929566} = {A0A9EE13-B0A3-461B-917F-1CF556E3266D}
	EndGlobalSection
EndGlobal
